PODS:
  - Flutter (1.0.0)
  - GoogleMaps (2.6.0):
    - GoogleMaps/Maps (= 2.6.0)
  - GoogleMaps/Base (2.6.0)
  - GoogleMaps/Maps (2.6.0):
    - GoogleMaps/Base
  - location_picker (0.0.1):
    - Flutter
    - GoogleMaps

DEPENDENCIES:
  - Flutter (from `Pods/.symlinks/flutter/ios`)
  - location_picker (from `Pods/.symlinks/plugins/location_picker/ios`)

SPEC REPOS:
  https://github.com/CocoaPods/Specs.git:
    - GoogleMaps

EXTERNAL SOURCES:
  Flutter:
    :path: Pods/.symlinks/flutter/ios
  location_picker:
    :path: Pods/.symlinks/plugins/location_picker/ios

SPEC CHECKSUMS:
  Flutter: 9d0fac939486c9aba2809b7982dfdbb47a7b0296
  GoogleMaps: 42f91c68b7fa2f84d5c86597b18ceb99f5414c7f
  location_picker: ba206ef9df4c5fe764792f77f58060cab733aa95

PODFILE CHECKSUM: 6e3081f70d0263650f46e1c17b0b2f5866cacb63

COCOAPODS: 1.5.0
